// !$*UTF8*$!
{
	archiveVersion = 1;
	classes = {
	};
	objectVersion = 56;
	objects = {

/* Begin PBXBuildFile section */
		4920CA2A2995315D004DDA5F /* AppDelegate.swift in Sources */ = {isa = PBXBuildFile; fileRef = 4920CA292995315D004DDA5F /* AppDelegate.swift */; };
		4920CA2C2995315D004DDA5F /* SceneDelegate.swift in Sources */ = {isa = PBXBuildFile; fileRef = 4920CA2B2995315D004DDA5F /* SceneDelegate.swift */; };
		4920CA332995315E004DDA5F /* Assets.xcassets in Resources */ = {isa = PBXBuildFile; fileRef = 4920CA322995315E004DDA5F /* Assets.xcassets */; };
		4920CA362995315E004DDA5F /* LaunchScreen.storyboard in Resources */ = {isa = PBXBuildFile; fileRef = 4920CA342995315E004DDA5F /* LaunchScreen.storyboard */; };
		4999B00929AA727C003079AD /* NoteListLayout.swift in Sources */ = {isa = PBXBuildFile; fileRef = 4999B00829AA727C003079AD /* NoteListLayout.swift */; };
		4999B00B29AA7A45003079AD /* NoteLayoutType.swift in Sources */ = {isa = PBXBuildFile; fileRef = 4999B00A29AA7A45003079AD /* NoteLayoutType.swift */; };
		49AA7DE7299538E3007CD80F /* UIColor.swift in Sources */ = {isa = PBXBuildFile; fileRef = 49AA7DE6299538E3007CD80F /* UIColor.swift */; };
		49AA7DEB29953A1D007CD80F /* NotesScreenViewController.swift in Sources */ = {isa = PBXBuildFile; fileRef = 49AA7DEA29953A1D007CD80F /* NotesScreenViewController.swift */; };
		49AA7DED29953AF2007CD80F /* NotesScreenViewModel.swift in Sources */ = {isa = PBXBuildFile; fileRef = 49AA7DEC29953AF2007CD80F /* NotesScreenViewModel.swift */; };
		49AA7DF029953C97007CD80F /* SnapKit in Frameworks */ = {isa = PBXBuildFile; productRef = 49AA7DEF29953C97007CD80F /* SnapKit */; };
		49AA7DF429954301007CD80F /* NoteViewCell.swift in Sources */ = {isa = PBXBuildFile; fileRef = 49AA7DF329954301007CD80F /* NoteViewCell.swift */; };
		49AA7DF62995435C007CD80F /* NoteViewCellViewModel.swift in Sources */ = {isa = PBXBuildFile; fileRef = 49AA7DF52995435C007CD80F /* NoteViewCellViewModel.swift */; };
		49AA7DF829954390007CD80F /* NoteGalleryLayout.swift in Sources */ = {isa = PBXBuildFile; fileRef = 49AA7DF729954390007CD80F /* NoteGalleryLayout.swift */; };
		49CF06672998D14600D04086 /* NoteService.swift in Sources */ = {isa = PBXBuildFile; fileRef = 49CF06662998D14600D04086 /* NoteService.swift */; };
		49CF0669299910A100D04086 /* String.swift in Sources */ = {isa = PBXBuildFile; fileRef = 49CF0668299910A100D04086 /* String.swift */; };
		49E9AEAD2996023800EC28F3 /* EditNoteViewController.swift in Sources */ = {isa = PBXBuildFile; fileRef = 49E9AEAC2996023800EC28F3 /* EditNoteViewController.swift */; };
		49E9AEAF2996025200EC28F3 /* EditNoteViewModel.swift in Sources */ = {isa = PBXBuildFile; fileRef = 49E9AEAE2996025200EC28F3 /* EditNoteViewModel.swift */; };
		49E9AEF82996BBB600EC28F3 /* Date.swift in Sources */ = {isa = PBXBuildFile; fileRef = 49E9AEF72996BBB600EC28F3 /* Date.swift */; };
		49E9AEFB2996C3BC00EC28F3 /* Notes.xcdatamodeld in Sources */ = {isa = PBXBuildFile; fileRef = 49E9AEF92996C3BC00EC28F3 /* Notes.xcdatamodeld */; };
		49E9AEFF2996C4C400EC28F3 /* CoreDataManager.swift in Sources */ = {isa = PBXBuildFile; fileRef = 49E9AEFE2996C4C400EC28F3 /* CoreDataManager.swift */; };
/* End PBXBuildFile section */

/* Begin PBXFileReference section */
		4920CA262995315D004DDA5F /* Notes-App.app */ = {isa = PBXFileReference; explicitFileType = wrapper.application; includeInIndex = 0; path = "Notes-App.app"; sourceTree = BUILT_PRODUCTS_DIR; };
		4920CA292995315D004DDA5F /* AppDelegate.swift */ = {isa = PBXFileReference; lastKnownFileType = sourcecode.swift; path = AppDelegate.swift; sourceTree = "<group>"; };
		4920CA2B2995315D004DDA5F /* SceneDelegate.swift */ = {isa = PBXFileReference; lastKnownFileType = sourcecode.swift; path = SceneDelegate.swift; sourceTree = "<group>"; };
		4920CA322995315E004DDA5F /* Assets.xcassets */ = {isa = PBXFileReference; lastKnownFileType = folder.assetcatalog; path = Assets.xcassets; sourceTree = "<group>"; };
		4920CA352995315E004DDA5F /* Base */ = {isa = PBXFileReference; lastKnownFileType = file.storyboard; name = Base; path = Base.lproj/LaunchScreen.storyboard; sourceTree = "<group>"; };
		4920CA372995315E004DDA5F /* Info.plist */ = {isa = PBXFileReference; lastKnownFileType = text.plist.xml; path = Info.plist; sourceTree = "<group>"; };
		4999B00829AA727C003079AD /* NoteListLayout.swift */ = {isa = PBXFileReference; lastKnownFileType = sourcecode.swift; path = NoteListLayout.swift; sourceTree = "<group>"; };
		4999B00A29AA7A45003079AD /* NoteLayoutType.swift */ = {isa = PBXFileReference; lastKnownFileType = sourcecode.swift; path = NoteLayoutType.swift; sourceTree = "<group>"; };
		49AA7DE6299538E3007CD80F /* UIColor.swift */ = {isa = PBXFileReference; lastKnownFileType = sourcecode.swift; path = UIColor.swift; sourceTree = "<group>"; };
		49AA7DEA29953A1D007CD80F /* NotesScreenViewController.swift */ = {isa = PBXFileReference; lastKnownFileType = sourcecode.swift; path = NotesScreenViewController.swift; sourceTree = "<group>"; };
		49AA7DEC29953AF2007CD80F /* NotesScreenViewModel.swift */ = {isa = PBXFileReference; lastKnownFileType = sourcecode.swift; path = NotesScreenViewModel.swift; sourceTree = "<group>"; };
		49AA7DF329954301007CD80F /* NoteViewCell.swift */ = {isa = PBXFileReference; lastKnownFileType = sourcecode.swift; path = NoteViewCell.swift; sourceTree = "<group>"; };
		49AA7DF52995435C007CD80F /* NoteViewCellViewModel.swift */ = {isa = PBXFileReference; lastKnownFileType = sourcecode.swift; path = NoteViewCellViewModel.swift; sourceTree = "<group>"; };
		49AA7DF729954390007CD80F /* NoteGalleryLayout.swift */ = {isa = PBXFileReference; lastKnownFileType = sourcecode.swift; path = NoteGalleryLayout.swift; sourceTree = "<group>"; };
		49CF06662998D14600D04086 /* NoteService.swift */ = {isa = PBXFileReference; lastKnownFileType = sourcecode.swift; path = NoteService.swift; sourceTree = "<group>"; };
		49CF0668299910A100D04086 /* String.swift */ = {isa = PBXFileReference; lastKnownFileType = sourcecode.swift; path = String.swift; sourceTree = "<group>"; };
		49E9AEAC2996023800EC28F3 /* EditNoteViewController.swift */ = {isa = PBXFileReference; lastKnownFileType = sourcecode.swift; path = EditNoteViewController.swift; sourceTree = "<group>"; };
		49E9AEAE2996025200EC28F3 /* EditNoteViewModel.swift */ = {isa = PBXFileReference; lastKnownFileType = sourcecode.swift; path = EditNoteViewModel.swift; sourceTree = "<group>"; };
		49E9AEF72996BBB600EC28F3 /* Date.swift */ = {isa = PBXFileReference; lastKnownFileType = sourcecode.swift; path = Date.swift; sourceTree = "<group>"; };
		49E9AEFA2996C3BC00EC28F3 /* Notes.xcdatamodel */ = {isa = PBXFileReference; lastKnownFileType = wrapper.xcdatamodel; path = Notes.xcdatamodel; sourceTree = "<group>"; };
		49E9AEFE2996C4C400EC28F3 /* CoreDataManager.swift */ = {isa = PBXFileReference; lastKnownFileType = sourcecode.swift; path = CoreDataManager.swift; sourceTree = "<group>"; };
/* End PBXFileReference section */

/* Begin PBXFrameworksBuildPhase section */
		4920CA232995315D004DDA5F /* Frameworks */ = {
			isa = PBXFrameworksBuildPhase;
			buildActionMask = 2147483647;
			files = (
				49AA7DF029953C97007CD80F /* SnapKit in Frameworks */,
			);
			runOnlyForDeploymentPostprocessing = 0;
		};
/* End PBXFrameworksBuildPhase section */

/* Begin PBXGroup section */
		4920CA1D2995315D004DDA5F = {
			isa = PBXGroup;
			children = (
				4920CA282995315D004DDA5F /* Notes-App */,
				4920CA272995315D004DDA5F /* Products */,
			);
			sourceTree = "<group>";
		};
		4920CA272995315D004DDA5F /* Products */ = {
			isa = PBXGroup;
			children = (
				4920CA262995315D004DDA5F /* Notes-App.app */,
			);
			name = Products;
			sourceTree = "<group>";
		};
		4920CA282995315D004DDA5F /* Notes-App */ = {
			isa = PBXGroup;
			children = (
				49E9AEFC2996C49E00EC28F3 /* Data */,
				49AA7DF2299542B7007CD80F /* Views */,
				49AA7DF129953CBD007CD80F /* Application */,
				49AA7DE8299539CE007CD80F /* Scenes */,
				49AA7DE5299538C3007CD80F /* Extensions */,
				4920CA322995315E004DDA5F /* Assets.xcassets */,
				4920CA372995315E004DDA5F /* Info.plist */,
			);
			path = "Notes-App";
			sourceTree = "<group>";
		};
		494A065029AB1BD50037FDA5 /* Services */ = {
			isa = PBXGroup;
			children = (
				49CF06662998D14600D04086 /* NoteService.swift */,
			);
			path = Services;
			sourceTree = "<group>";
		};
		49AA7DE5299538C3007CD80F /* Extensions */ = {
			isa = PBXGroup;
			children = (
				49AA7DE6299538E3007CD80F /* UIColor.swift */,
				49E9AEF72996BBB600EC28F3 /* Date.swift */,
				49CF0668299910A100D04086 /* String.swift */,
			);
			path = Extensions;
			sourceTree = "<group>";
		};
		49AA7DE8299539CE007CD80F /* Scenes */ = {
			isa = PBXGroup;
			children = (
				4920CA342995315E004DDA5F /* LaunchScreen.storyboard */,
				49AA7DE9299539E4007CD80F /* NotesScreen */,
				49E9AEAB299601E300EC28F3 /* EditNote */,
			);
			path = Scenes;
			sourceTree = "<group>";
		};
		49AA7DE9299539E4007CD80F /* NotesScreen */ = {
			isa = PBXGroup;
			children = (
				49AA7DEA29953A1D007CD80F /* NotesScreenViewController.swift */,
				49AA7DEC29953AF2007CD80F /* NotesScreenViewModel.swift */,
			);
			path = NotesScreen;
			sourceTree = "<group>";
		};
		49AA7DF129953CBD007CD80F /* Application */ = {
			isa = PBXGroup;
			children = (
				4920CA292995315D004DDA5F /* AppDelegate.swift */,
				4920CA2B2995315D004DDA5F /* SceneDelegate.swift */,
			);
			path = Application;
			sourceTree = "<group>";
		};
		49AA7DF2299542B7007CD80F /* Views */ = {
			isa = PBXGroup;
			children = (
				49CF066A29992E2800D04086 /* NoteViewCell */,
			);
			path = Views;
			sourceTree = "<group>";
		};
		49CF066A29992E2800D04086 /* NoteViewCell */ = {
			isa = PBXGroup;
			children = (
				49AA7DF329954301007CD80F /* NoteViewCell.swift */,
				49AA7DF52995435C007CD80F /* NoteViewCellViewModel.swift */,
				49AA7DF729954390007CD80F /* NoteGalleryLayout.swift */,
				4999B00829AA727C003079AD /* NoteListLayout.swift */,
				4999B00A29AA7A45003079AD /* NoteLayoutType.swift */,
			);
			path = NoteViewCell;
			sourceTree = "<group>";
		};
		49E9AEAB299601E300EC28F3 /* EditNote */ = {
			isa = PBXGroup;
			children = (
				49E9AEAC2996023800EC28F3 /* EditNoteViewController.swift */,
				49E9AEAE2996025200EC28F3 /* EditNoteViewModel.swift */,
			);
			path = EditNote;
			sourceTree = "<group>";
		};
		49E9AEFC2996C49E00EC28F3 /* Data */ = {
			isa = PBXGroup;
			children = (
				49E9AEF92996C3BC00EC28F3 /* Notes.xcdatamodeld */,
				49E9AEFD2996C4A900EC28F3 /* Managers */,
				494A065029AB1BD50037FDA5 /* Services */,
			);
			path = Data;
			sourceTree = "<group>";
		};
		49E9AEFD2996C4A900EC28F3 /* Managers */ = {
			isa = PBXGroup;
			children = (
				49E9AEFE2996C4C400EC28F3 /* CoreDataManager.swift */,
			);
			path = Managers;
			sourceTree = "<group>";
		};
/* End PBXGroup section */

/* Begin PBXNativeTarget section */
		4920CA252995315D004DDA5F /* Notes-App */ = {
			isa = PBXNativeTarget;
			buildConfigurationList = 4920CA3A2995315E004DDA5F /* Build configuration list for PBXNativeTarget "Notes-App" */;
			buildPhases = (
				4920CA222995315D004DDA5F /* Sources */,
				4920CA232995315D004DDA5F /* Frameworks */,
				4920CA242995315D004DDA5F /* Resources */,
			);
			buildRules = (
			);
			dependencies = (
			);
			name = "Notes-App";
			packageProductDependencies = (
				49AA7DEF29953C97007CD80F /* SnapKit */,
			);
			productName = Notes;
			productReference = 4920CA262995315D004DDA5F /* Notes-App.app */;
			productType = "com.apple.product-type.application";
		};
/* End PBXNativeTarget section */

/* Begin PBXProject section */
		4920CA1E2995315D004DDA5F /* Project object */ = {
			isa = PBXProject;
			attributes = {
				BuildIndependentTargetsInParallel = 1;
				LastSwiftUpdateCheck = 1420;
				LastUpgradeCheck = 1420;
				TargetAttributes = {
					4920CA252995315D004DDA5F = {
						CreatedOnToolsVersion = 14.2;
					};
				};
			};
			buildConfigurationList = 4920CA212995315D004DDA5F /* Build configuration list for PBXProject "Notes-App" */;
			compatibilityVersion = "Xcode 14.0";
			developmentRegion = en;
			hasScannedForEncodings = 0;
			knownRegions = (
				en,
				Base,
			);
			mainGroup = 4920CA1D2995315D004DDA5F;
			packageReferences = (
				49AA7DEE29953C97007CD80F /* XCRemoteSwiftPackageReference "SnapKit" */,
			);
			productRefGroup = 4920CA272995315D004DDA5F /* Products */;
			projectDirPath = "";
			projectRoot = "";
			targets = (
				4920CA252995315D004DDA5F /* Notes-App */,
			);
		};
/* End PBXProject section */

/* Begin PBXResourcesBuildPhase section */
		4920CA242995315D004DDA5F /* Resources */ = {
			isa = PBXResourcesBuildPhase;
			buildActionMask = 2147483647;
			files = (
				4920CA362995315E004DDA5F /* LaunchScreen.storyboard in Resources */,
				4920CA332995315E004DDA5F /* Assets.xcassets in Resources */,
			);
			runOnlyForDeploymentPostprocessing = 0;
		};
/* End PBXResourcesBuildPhase section */

/* Begin PBXSourcesBuildPhase section */
		4920CA222995315D004DDA5F /* Sources */ = {
			isa = PBXSourcesBuildPhase;
			buildActionMask = 2147483647;
			files = (
				49AA7DE7299538E3007CD80F /* UIColor.swift in Sources */,
				4920CA2A2995315D004DDA5F /* AppDelegate.swift in Sources */,
				49AA7DF62995435C007CD80F /* NoteViewCellViewModel.swift in Sources */,
				49E9AEFB2996C3BC00EC28F3 /* Notes.xcdatamodeld in Sources */,
				49AA7DEB29953A1D007CD80F /* NotesScreenViewController.swift in Sources */,
				4920CA2C2995315D004DDA5F /* SceneDelegate.swift in Sources */,
				49AA7DF829954390007CD80F /* NoteGalleryLayout.swift in Sources */,
				49CF06672998D14600D04086 /* NoteService.swift in Sources */,
				49E9AEAF2996025200EC28F3 /* EditNoteViewModel.swift in Sources */,
				49AA7DF429954301007CD80F /* NoteViewCell.swift in Sources */,
				49E9AEAD2996023800EC28F3 /* EditNoteViewController.swift in Sources */,
				49E9AEF82996BBB600EC28F3 /* Date.swift in Sources */,
				4999B00B29AA7A45003079AD /* NoteLayoutType.swift in Sources */,
				49CF0669299910A100D04086 /* String.swift in Sources */,
				49E9AEFF2996C4C400EC28F3 /* CoreDataManager.swift in Sources */,
				49AA7DED29953AF2007CD80F /* NotesScreenViewModel.swift in Sources */,
				4999B00929AA727C003079AD /* NoteListLayout.swift in Sources */,
			);
			runOnlyForDeploymentPostprocessing = 0;
		};
/* End PBXSourcesBuildPhase section */

/* Begin PBXVariantGroup section */
		4920CA342995315E004DDA5F /* LaunchScreen.storyboard */ = {
			isa = PBXVariantGroup;
			children = (
				4920CA352995315E004DDA5F /* Base */,
			);
			name = LaunchScreen.storyboard;
			sourceTree = "<group>";
		};
/* End PBXVariantGroup section */

/* Begin XCBuildConfiguration section */
		4920CA382995315E004DDA5F /* Debug */ = {
			isa = XCBuildConfiguration;
			buildSettings = {
				ALWAYS_SEARCH_USER_PATHS = NO;
				CLANG_ANALYZER_NONNULL = YES;
				CLANG_ANALYZER_NUMBER_OBJECT_CONVERSION = YES_AGGRESSIVE;
				CLANG_CXX_LANGUAGE_STANDARD = "gnu++20";
				CLANG_ENABLE_MODULES = YES;
				CLANG_ENABLE_OBJC_ARC = YES;
				CLANG_ENABLE_OBJC_WEAK = YES;
				CLANG_WARN_BLOCK_CAPTURE_AUTORELEASING = YES;
				CLANG_WARN_BOOL_CONVERSION = YES;
				CLANG_WARN_COMMA = YES;
				CLANG_WARN_CONSTANT_CONVERSION = YES;
				CLANG_WARN_DEPRECATED_OBJC_IMPLEMENTATIONS = YES;
				CLANG_WARN_DIRECT_OBJC_ISA_USAGE = YES_ERROR;
				CLANG_WARN_DOCUMENTATION_COMMENTS = YES;
				CLANG_WARN_EMPTY_BODY = YES;
				CLANG_WARN_ENUM_CONVERSION = YES;
				CLANG_WARN_INFINITE_RECURSION = YES;
				CLANG_WARN_INT_CONVERSION = YES;
				CLANG_WARN_NON_LITERAL_NULL_CONVERSION = YES;
				CLANG_WARN_OBJC_IMPLICIT_RETAIN_SELF = YES;
				CLANG_WARN_OBJC_LITERAL_CONVERSION = YES;
				CLANG_WARN_OBJC_ROOT_CLASS = YES_ERROR;
				CLANG_WARN_QUOTED_INCLUDE_IN_FRAMEWORK_HEADER = YES;
				CLANG_WARN_RANGE_LOOP_ANALYSIS = YES;
				CLANG_WARN_STRICT_PROTOTYPES = YES;
				CLANG_WARN_SUSPICIOUS_MOVE = YES;
				CLANG_WARN_UNGUARDED_AVAILABILITY = YES_AGGRESSIVE;
				CLANG_WARN_UNREACHABLE_CODE = YES;
				CLANG_WARN__DUPLICATE_METHOD_MATCH = YES;
				COPY_PHASE_STRIP = NO;
				DEBUG_INFORMATION_FORMAT = dwarf;
				ENABLE_STRICT_OBJC_MSGSEND = YES;
				ENABLE_TESTABILITY = YES;
				GCC_C_LANGUAGE_STANDARD = gnu11;
				GCC_DYNAMIC_NO_PIC = NO;
				GCC_NO_COMMON_BLOCKS = YES;
				GCC_OPTIMIZATION_LEVEL = 0;
				GCC_PREPROCESSOR_DEFINITIONS = (
					"DEBUG=1",
					"$(inherited)",
				);
				GCC_WARN_64_TO_32_BIT_CONVERSION = YES;
				GCC_WARN_ABOUT_RETURN_TYPE = YES_ERROR;
				GCC_WARN_UNDECLARED_SELECTOR = YES;
				GCC_WARN_UNINITIALIZED_AUTOS = YES_AGGRESSIVE;
				GCC_WARN_UNUSED_FUNCTION = YES;
				GCC_WARN_UNUSED_VARIABLE = YES;
				IPHONEOS_DEPLOYMENT_TARGET = 13.0;
				MTL_ENABLE_DEBUG_INFO = INCLUDE_SOURCE;
				MTL_FAST_MATH = YES;
				ONLY_ACTIVE_ARCH = YES;
				SDKROOT = iphoneos;
				SWIFT_ACTIVE_COMPILATION_CONDITIONS = DEBUG;
				SWIFT_OPTIMIZATION_LEVEL = "-Onone";
			};
			name = Debug;
		};
		4920CA392995315E004DDA5F /* Release */ = {
			isa = XCBuildConfiguration;
			buildSettings = {
				ALWAYS_SEARCH_USER_PATHS = NO;
				CLANG_ANALYZER_NONNULL = YES;
				CLANG_ANALYZER_NUMBER_OBJECT_CONVERSION = YES_AGGRESSIVE;
				CLANG_CXX_LANGUAGE_STANDARD = "gnu++20";
				CLANG_ENABLE_MODULES = YES;
				CLANG_ENABLE_OBJC_ARC = YES;
				CLANG_ENABLE_OBJC_WEAK = YES;
				CLANG_WARN_BLOCK_CAPTURE_AUTORELEASING = YES;
				CLANG_WARN_BOOL_CONVERSION = YES;
				CLANG_WARN_COMMA = YES;
				CLANG_WARN_CONSTANT_CONVERSION = YES;
				CLANG_WARN_DEPRECATED_OBJC_IMPLEMENTATIONS = YES;
				CLANG_WARN_DIRECT_OBJC_ISA_USAGE = YES_ERROR;
				CLANG_WARN_DOCUMENTATION_COMMENTS = YES;
				CLANG_WARN_EMPTY_BODY = YES;
				CLANG_WARN_ENUM_CONVERSION = YES;
				CLANG_WARN_INFINITE_RECURSION = YES;
				CLANG_WARN_INT_CONVERSION = YES;
				CLANG_WARN_NON_LITERAL_NULL_CONVERSION = YES;
				CLANG_WARN_OBJC_IMPLICIT_RETAIN_SELF = YES;
				CLANG_WARN_OBJC_LITERAL_CONVERSION = YES;
				CLANG_WARN_OBJC_ROOT_CLASS = YES_ERROR;
				CLANG_WARN_QUOTED_INCLUDE_IN_FRAMEWORK_HEADER = YES;
				CLANG_WARN_RANGE_LOOP_ANALYSIS = YES;
				CLANG_WARN_STRICT_PROTOTYPES = YES;
				CLANG_WARN_SUSPICIOUS_MOVE = YES;
				CLANG_WARN_UNGUARDED_AVAILABILITY = YES_AGGRESSIVE;
				CLANG_WARN_UNREACHABLE_CODE = YES;
				CLANG_WARN__DUPLICATE_METHOD_MATCH = YES;
				COPY_PHASE_STRIP = NO;
				DEBUG_INFORMATION_FORMAT = "dwarf-with-dsym";
				ENABLE_NS_ASSERTIONS = NO;
				ENABLE_STRICT_OBJC_MSGSEND = YES;
				GCC_C_LANGUAGE_STANDARD = gnu11;
				GCC_NO_COMMON_BLOCKS = YES;
				GCC_WARN_64_TO_32_BIT_CONVERSION = YES;
				GCC_WARN_ABOUT_RETURN_TYPE = YES_ERROR;
				GCC_WARN_UNDECLARED_SELECTOR = YES;
				GCC_WARN_UNINITIALIZED_AUTOS = YES_AGGRESSIVE;
				GCC_WARN_UNUSED_FUNCTION = YES;
				GCC_WARN_UNUSED_VARIABLE = YES;
				IPHONEOS_DEPLOYMENT_TARGET = 13.0;
				MTL_ENABLE_DEBUG_INFO = NO;
				MTL_FAST_MATH = YES;
				SDKROOT = iphoneos;
				SWIFT_COMPILATION_MODE = wholemodule;
				SWIFT_OPTIMIZATION_LEVEL = "-O";
				VALIDATE_PRODUCT = YES;
			};
			name = Release;
		};
		4920CA3B2995315E004DDA5F /* Debug */ = {
			isa = XCBuildConfiguration;
			buildSettings = {
				ASSETCATALOG_COMPILER_APPICON_NAME = AppIcon;
				ASSETCATALOG_COMPILER_GLOBAL_ACCENT_COLOR_NAME = AccentColor;
				CODE_SIGN_STYLE = Automatic;
				CURRENT_PROJECT_VERSION = 1;
				DEVELOPMENT_TEAM = 9KT4MKX52L;
				GENERATE_INFOPLIST_FILE = YES;
				INFOPLIST_FILE = "Notes-App/Info.plist";
				INFOPLIST_KEY_CFBundleDisplayName = Notes;
				INFOPLIST_KEY_LSApplicationCategoryType = "public.app-category.productivity";
				INFOPLIST_KEY_UIApplicationSupportsIndirectInputEvents = YES;
				INFOPLIST_KEY_UILaunchStoryboardName = LaunchScreen;
				INFOPLIST_KEY_UISupportedInterfaceOrientations_iPad = "UIInterfaceOrientationPortrait UIInterfaceOrientationPortraitUpsideDown UIInterfaceOrientationLandscapeLeft UIInterfaceOrientationLandscapeRight";
				INFOPLIST_KEY_UISupportedInterfaceOrientations_iPhone = "UIInterfaceOrientationPortrait UIInterfaceOrientationLandscapeLeft UIInterfaceOrientationLandscapeRight";
				IPHONEOS_DEPLOYMENT_TARGET = 13.0;
				LD_RUNPATH_SEARCH_PATHS = (
					"$(inherited)",
					"@executable_path/Frameworks",
				);
				MARKETING_VERSION = 1.0;
				PRODUCT_BUNDLE_IDENTIFIER = "sem.Notes-App";
				PRODUCT_NAME = "$(TARGET_NAME)";
				SWIFT_EMIT_LOC_STRINGS = YES;
				SWIFT_VERSION = 5.0;
				TARGETED_DEVICE_FAMILY = "1,2";
			};
			name = Debug;
		};
		4920CA3C2995315E004DDA5F /* Release */ = {
			isa = XCBuildConfiguration;
			buildSettings = {
				ASSETCATALOG_COMPILER_APPICON_NAME = AppIcon;
				ASSETCATALOG_COMPILER_GLOBAL_ACCENT_COLOR_NAME = AccentColor;
				CODE_SIGN_STYLE = Automatic;
				CURRENT_PROJECT_VERSION = 1;
				DEVELOPMENT_TEAM = 9KT4MKX52L;
				GENERATE_INFOPLIST_FILE = YES;
				INFOPLIST_FILE = "Notes-App/Info.plist";
				INFOPLIST_KEY_CFBundleDisplayName = Notes;
				INFOPLIST_KEY_LSApplicationCategoryType = "public.app-category.productivity";
				INFOPLIST_KEY_UIApplicationSupportsIndirectInputEvents = YES;
				INFOPLIST_KEY_UILaunchStoryboardName = LaunchScreen;
				INFOPLIST_KEY_UISupportedInterfaceOrientations_iPad = "UIInterfaceOrientationPortrait UIInterfaceOrientationPortraitUpsideDown UIInterfaceOrientationLandscapeLeft UIInterfaceOrientationLandscapeRight";
				INFOPLIST_KEY_UISupportedInterfaceOrientations_iPhone = "UIInterfaceOrientationPortrait UIInterfaceOrientationLandscapeLeft UIInterfaceOrientationLandscapeRight";
				IPHONEOS_DEPLOYMENT_TARGET = 13.0;
				LD_RUNPATH_SEARCH_PATHS = (
					"$(inherited)",
					"@executable_path/Frameworks",
				);
				MARKETING_VERSION = 1.0;
				PRODUCT_BUNDLE_IDENTIFIER = "sem.Notes-App";
				PRODUCT_NAME = "$(TARGET_NAME)";
				SWIFT_EMIT_LOC_STRINGS = YES;
				SWIFT_VERSION = 5.0;
				TARGETED_DEVICE_FAMILY = "1,2";
			};
			name = Release;
		};
/* End XCBuildConfiguration section */

/* Begin XCConfigurationList section */
		4920CA212995315D004DDA5F /* Build configuration list for PBXProject "Notes-App" */ = {
			isa = XCConfigurationList;
			buildConfigurations = (
				4920CA382995315E004DDA5F /* Debug */,
				4920CA392995315E004DDA5F /* Release */,
			);
			defaultConfigurationIsVisible = 0;
			defaultConfigurationName = Release;
		};
		4920CA3A2995315E004DDA5F /* Build configuration list for PBXNativeTarget "Notes-App" */ = {
			isa = XCConfigurationList;
			buildConfigurations = (
				4920CA3B2995315E004DDA5F /* Debug */,
				4920CA3C2995315E004DDA5F /* Release */,
			);
			defaultConfigurationIsVisible = 0;
			defaultConfigurationName = Release;
		};
/* End XCConfigurationList section */

/* Begin XCRemoteSwiftPackageReference section */
		49AA7DEE29953C97007CD80F /* XCRemoteSwiftPackageReference "SnapKit" */ = {
			isa = XCRemoteSwiftPackageReference;
			repositoryURL = "https://github.com/SnapKit/SnapKit?ysclid=ldhh9l9d77943341286#installation";
			requirement = {
				branch = develop;
				kind = branch;
			};
		};
/* End XCRemoteSwiftPackageReference section */

/* Begin XCSwiftPackageProductDependency section */
		49AA7DEF29953C97007CD80F /* SnapKit */ = {
			isa = XCSwiftPackageProductDependency;
			package = 49AA7DEE29953C97007CD80F /* XCRemoteSwiftPackageReference "SnapKit" */;
			productName = SnapKit;
		};
/* End XCSwiftPackageProductDependency section */

/* Begin XCVersionGroup section */
		49E9AEF92996C3BC00EC28F3 /* Notes.xcdatamodeld */ = {
			isa = XCVersionGroup;
			children = (
				49E9AEFA2996C3BC00EC28F3 /* Notes.xcdatamodel */,
			);
			currentVersion = 49E9AEFA2996C3BC00EC28F3 /* Notes.xcdatamodel */;
			path = Notes.xcdatamodeld;
			sourceTree = "<group>";
			versionGroupType = wrapper.xcdatamodel;
		};
/* End XCVersionGroup section */
	};
	rootObject = 4920CA1E2995315D004DDA5F /* Project object */;
}
